{
  "pins" : [
    {
      "identity" : "openaiswift",
      "kind" : "remoteSourceControl",
      "location" : "https://github.com/adamrushy/OpenAISwift.git",
      "state" : {
        "revision" : "2cac42aae5f732cb7e1663a6fb425f4ea4c1a07a",
        "version" : "1.4.0"
      }
    }
  ],
  "version" : 2
}
