PODS:
  - AWSAuthCore (2.33.4):
    - AWSCore (= 2.33.4)
  - AWSCognitoIdentityProvider (2.33.4):
    - AWSCognitoIdentityProviderASF (= 2.33.4)
    - AWSCore (= 2.33.4)
  - AWSCognitoIdentityProviderASF (2.33.4):
    - AWSCore (= 2.33.4)
  - AWSCore (2.33.4)
  - AWSMobileClient (2.33.4):
    - AWSAuthCore (= 2.33.4)
    - AWSCognitoIdentityProvider (= 2.33.4)
    - AWSCognitoIdentityProviderASF (= 2.33.4)
    - AWSCore (= 2.33.4)

DEPENDENCIES:
  - AWSMobileClient

SPEC REPOS:
  trunk:
    - AWSAuthCore
    - AWSCognitoIdentityProvider
    - AWSCognitoIdentityProviderASF
    - AWSCore
    - AWSMobileClient

SPEC CHECKSUMS:
  AWSAuthCore: 0584cee14bd5a692b8daa1c43b06df9524533692
  AWSCognitoIdentityProvider: 74464aeebddb8546586f979c8ed055180a4b1855
  AWSCognitoIdentityProviderASF: 28c6a2916512c08ded36b1aab4d92a1b5805d868
  AWSCore: 83e3416d2224ba98b61d8eadcfcb1f90f48fab82
  AWSMobileClient: ff115272d8b29f05443f82f5800036c498c5ca8b

PODFILE CHECKSUM: ef9c69b39c3448b1c77c1e5ea43bbc36dc4f6c07

COCOAPODS: 1.13.0
