// !$*UTF8*$!
{
	archiveVersion = 1;
	classes = {
	};
	objectVersion = 56;
	objects = {

/* Begin PBXBuildFile section */
		E82A7E5E2ADEA11600F1DF2B /* Audio.swift in Sources */ = {isa = PBXBuildFile; fileRef = E82A7E5D2ADEA11600F1DF2B /* Audio.swift */; };
		E82A7E602ADEA39D00F1DF2B /* SpeechRecognition.swift in Sources */ = {isa = PBXBuildFile; fileRef = E82A7E5F2ADEA39D00F1DF2B /* SpeechRecognition.swift */; };
		E82A7E632ADEB1DC00F1DF2B /* AudioBox.swift in Sources */ = {isa = PBXBuildFile; fileRef = E82A7E622ADEB1DC00F1DF2B /* AudioBox.swift */; };
		E82A7E652ADEBE4500F1DF2B /* AudioStatus.swift in Sources */ = {isa = PBXBuildFile; fileRef = E82A7E642ADEBE4500F1DF2B /* AudioStatus.swift */; };
		E82FF7582ADAC16500BE59C8 /* OnboardingView.swift in Sources */ = {isa = PBXBuildFile; fileRef = E82FF7572ADAC16500BE59C8 /* OnboardingView.swift */; };
		E82FF75A2ADAC98700BE59C8 /* SpeakerView.swift in Sources */ = {isa = PBXBuildFile; fileRef = E82FF7592ADAC98700BE59C8 /* SpeakerView.swift */; };
		E85B8E272AD5D57B00F8BF5A /* UtterApp.swift in Sources */ = {isa = PBXBuildFile; fileRef = E85B8E262AD5D57B00F8BF5A /* UtterApp.swift */; };
		E85B8E292AD5D57B00F8BF5A /* ContentView.swift in Sources */ = {isa = PBXBuildFile; fileRef = E85B8E282AD5D57B00F8BF5A /* ContentView.swift */; };
		E85B8E2B2AD5D57D00F8BF5A /* Assets.xcassets in Resources */ = {isa = PBXBuildFile; fileRef = E85B8E2A2AD5D57D00F8BF5A /* Assets.xcassets */; };
		E85B8E2E2AD5D57D00F8BF5A /* Preview Assets.xcassets in Resources */ = {isa = PBXBuildFile; fileRef = E85B8E2D2AD5D57D00F8BF5A /* Preview Assets.xcassets */; };
		E85B8E382AD5D57D00F8BF5A /* UtterTests.swift in Sources */ = {isa = PBXBuildFile; fileRef = E85B8E372AD5D57D00F8BF5A /* UtterTests.swift */; };
		E85B8E422AD5D57D00F8BF5A /* UtterUITests.swift in Sources */ = {isa = PBXBuildFile; fileRef = E85B8E412AD5D57D00F8BF5A /* UtterUITests.swift */; };
		E85B8E442AD5D57D00F8BF5A /* UtterUITestsLaunchTests.swift in Sources */ = {isa = PBXBuildFile; fileRef = E85B8E432AD5D57D00F8BF5A /* UtterUITestsLaunchTests.swift */; };
		E85B8E532AD5E5FB00F8BF5A /* LoginView.swift in Sources */ = {isa = PBXBuildFile; fileRef = E85B8E522AD5E5FB00F8BF5A /* LoginView.swift */; };
		E85B8E562AD5EA7700F8BF5A /* TandemListView.swift in Sources */ = {isa = PBXBuildFile; fileRef = E85B8E552AD5EA7700F8BF5A /* TandemListView.swift */; };
		E8D0A19E2AE13AE70045C1E6 /* SpeechRecognizer.swift in Sources */ = {isa = PBXBuildFile; fileRef = E8D0A19D2AE13AE70045C1E6 /* SpeechRecognizer.swift */; };
		E8D0A1A52AE192930045C1E6 /* OpenAISwift in Frameworks */ = {isa = PBXBuildFile; productRef = E8D0A1A42AE192930045C1E6 /* OpenAISwift */; };
		E8D0A1A72AE199230045C1E6 /* ChatGPTCaller.swift in Sources */ = {isa = PBXBuildFile; fileRef = E8D0A1A62AE199230045C1E6 /* ChatGPTCaller.swift */; };
/* End PBXBuildFile section */

/* Begin PBXContainerItemProxy section */
		E85B8E342AD5D57D00F8BF5A /* PBXContainerItemProxy */ = {
			isa = PBXContainerItemProxy;
			containerPortal = E85B8E1B2AD5D57B00F8BF5A /* Project object */;
			proxyType = 1;
			remoteGlobalIDString = E85B8E222AD5D57B00F8BF5A;
			remoteInfo = Utter;
		};
		E85B8E3E2AD5D57D00F8BF5A /* PBXContainerItemProxy */ = {
			isa = PBXContainerItemProxy;
			containerPortal = E85B8E1B2AD5D57B00F8BF5A /* Project object */;
			proxyType = 1;
			remoteGlobalIDString = E85B8E222AD5D57B00F8BF5A;
			remoteInfo = Utter;
		};
/* End PBXContainerItemProxy section */

/* Begin PBXFileReference section */
		E82A7E5D2ADEA11600F1DF2B /* Audio.swift */ = {isa = PBXFileReference; lastKnownFileType = sourcecode.swift; path = Audio.swift; sourceTree = "<group>"; };
		E82A7E5F2ADEA39D00F1DF2B /* SpeechRecognition.swift */ = {isa = PBXFileReference; lastKnownFileType = sourcecode.swift; path = SpeechRecognition.swift; sourceTree = "<group>"; };
		E82A7E622ADEB1DC00F1DF2B /* AudioBox.swift */ = {isa = PBXFileReference; lastKnownFileType = sourcecode.swift; path = AudioBox.swift; sourceTree = "<group>"; };
		E82A7E642ADEBE4500F1DF2B /* AudioStatus.swift */ = {isa = PBXFileReference; lastKnownFileType = sourcecode.swift; path = AudioStatus.swift; sourceTree = "<group>"; };
		E82FF7572ADAC16500BE59C8 /* OnboardingView.swift */ = {isa = PBXFileReference; lastKnownFileType = sourcecode.swift; path = OnboardingView.swift; sourceTree = "<group>"; };
		E82FF7592ADAC98700BE59C8 /* SpeakerView.swift */ = {isa = PBXFileReference; lastKnownFileType = sourcecode.swift; path = SpeakerView.swift; sourceTree = "<group>"; };
		E85B8E232AD5D57B00F8BF5A /* Utter.app */ = {isa = PBXFileReference; explicitFileType = wrapper.application; includeInIndex = 0; path = Utter.app; sourceTree = BUILT_PRODUCTS_DIR; };
		E85B8E262AD5D57B00F8BF5A /* UtterApp.swift */ = {isa = PBXFileReference; lastKnownFileType = sourcecode.swift; path = UtterApp.swift; sourceTree = "<group>"; };
		E85B8E282AD5D57B00F8BF5A /* ContentView.swift */ = {isa = PBXFileReference; lastKnownFileType = sourcecode.swift; path = ContentView.swift; sourceTree = "<group>"; };
		E85B8E2A2AD5D57D00F8BF5A /* Assets.xcassets */ = {isa = PBXFileReference; lastKnownFileType = folder.assetcatalog; path = Assets.xcassets; sourceTree = "<group>"; };
		E85B8E2D2AD5D57D00F8BF5A /* Preview Assets.xcassets */ = {isa = PBXFileReference; lastKnownFileType = folder.assetcatalog; path = "Preview Assets.xcassets"; sourceTree = "<group>"; };
		E85B8E332AD5D57D00F8BF5A /* UtterTests.xctest */ = {isa = PBXFileReference; explicitFileType = wrapper.cfbundle; includeInIndex = 0; path = UtterTests.xctest; sourceTree = BUILT_PRODUCTS_DIR; };
		E85B8E372AD5D57D00F8BF5A /* UtterTests.swift */ = {isa = PBXFileReference; lastKnownFileType = sourcecode.swift; path = UtterTests.swift; sourceTree = "<group>"; };
		E85B8E3D2AD5D57D00F8BF5A /* UtterUITests.xctest */ = {isa = PBXFileReference; explicitFileType = wrapper.cfbundle; includeInIndex = 0; path = UtterUITests.xctest; sourceTree = BUILT_PRODUCTS_DIR; };
		E85B8E412AD5D57D00F8BF5A /* UtterUITests.swift */ = {isa = PBXFileReference; lastKnownFileType = sourcecode.swift; path = UtterUITests.swift; sourceTree = "<group>"; };
		E85B8E432AD5D57D00F8BF5A /* UtterUITestsLaunchTests.swift */ = {isa = PBXFileReference; lastKnownFileType = sourcecode.swift; path = UtterUITestsLaunchTests.swift; sourceTree = "<group>"; };
		E85B8E522AD5E5FB00F8BF5A /* LoginView.swift */ = {isa = PBXFileReference; lastKnownFileType = sourcecode.swift; path = LoginView.swift; sourceTree = "<group>"; };
		E85B8E552AD5EA7700F8BF5A /* TandemListView.swift */ = {isa = PBXFileReference; lastKnownFileType = sourcecode.swift; path = TandemListView.swift; sourceTree = "<group>"; };
		E8D0A19D2AE13AE70045C1E6 /* SpeechRecognizer.swift */ = {isa = PBXFileReference; lastKnownFileType = sourcecode.swift; path = SpeechRecognizer.swift; sourceTree = "<group>"; };
		E8D0A1A62AE199230045C1E6 /* ChatGPTCaller.swift */ = {isa = PBXFileReference; lastKnownFileType = sourcecode.swift; path = ChatGPTCaller.swift; sourceTree = "<group>"; };
/* End PBXFileReference section */

/* Begin PBXFrameworksBuildPhase section */
		E85B8E202AD5D57B00F8BF5A /* Frameworks */ = {
			isa = PBXFrameworksBuildPhase;
			buildActionMask = 2147483647;
			files = (
				E8D0A1A52AE192930045C1E6 /* OpenAISwift in Frameworks */,
			);
			runOnlyForDeploymentPostprocessing = 0;
		};
		E85B8E302AD5D57D00F8BF5A /* Frameworks */ = {
			isa = PBXFrameworksBuildPhase;
			buildActionMask = 2147483647;
			files = (
			);
			runOnlyForDeploymentPostprocessing = 0;
		};
		E85B8E3A2AD5D57D00F8BF5A /* Frameworks */ = {
			isa = PBXFrameworksBuildPhase;
			buildActionMask = 2147483647;
			files = (
			);
			runOnlyForDeploymentPostprocessing = 0;
		};
/* End PBXFrameworksBuildPhase section */

/* Begin PBXGroup section */
		E85B8E1A2AD5D57B00F8BF5A = {
			isa = PBXGroup;
			children = (
				E85B8E252AD5D57B00F8BF5A /* Utter */,
				E85B8E362AD5D57D00F8BF5A /* UtterTests */,
				E85B8E402AD5D57D00F8BF5A /* UtterUITests */,
				E85B8E242AD5D57B00F8BF5A /* Products */,
			);
			sourceTree = "<group>";
		};
		E85B8E242AD5D57B00F8BF5A /* Products */ = {
			isa = PBXGroup;
			children = (
				E85B8E232AD5D57B00F8BF5A /* Utter.app */,
				E85B8E332AD5D57D00F8BF5A /* UtterTests.xctest */,
				E85B8E3D2AD5D57D00F8BF5A /* UtterUITests.xctest */,
			);
			name = Products;
			sourceTree = "<group>";
		};
		E85B8E252AD5D57B00F8BF5A /* Utter */ = {
			isa = PBXGroup;
			children = (
				E8F38FFB2ADC1111008CC27C /* resources */,
				E8F38FFA2ADC10E1008CC27C /* sources */,
				E85B8E2C2AD5D57D00F8BF5A /* Preview Content */,
			);
			path = Utter;
			sourceTree = "<group>";
		};
		E85B8E2C2AD5D57D00F8BF5A /* Preview Content */ = {
			isa = PBXGroup;
			children = (
				E85B8E2D2AD5D57D00F8BF5A /* Preview Assets.xcassets */,
			);
			path = "Preview Content";
			sourceTree = "<group>";
		};
		E85B8E362AD5D57D00F8BF5A /* UtterTests */ = {
			isa = PBXGroup;
			children = (
				E85B8E372AD5D57D00F8BF5A /* UtterTests.swift */,
			);
			path = UtterTests;
			sourceTree = "<group>";
		};
		E85B8E402AD5D57D00F8BF5A /* UtterUITests */ = {
			isa = PBXGroup;
			children = (
				E85B8E412AD5D57D00F8BF5A /* UtterUITests.swift */,
				E85B8E432AD5D57D00F8BF5A /* UtterUITestsLaunchTests.swift */,
			);
			path = UtterUITests;
			sourceTree = "<group>";
		};
		E85B8E542AD5E80100F8BF5A /* views */ = {
			isa = PBXGroup;
			children = (
				E85B8E282AD5D57B00F8BF5A /* ContentView.swift */,
				E85B8E522AD5E5FB00F8BF5A /* LoginView.swift */,
				E85B8E552AD5EA7700F8BF5A /* TandemListView.swift */,
				E82FF7572ADAC16500BE59C8 /* OnboardingView.swift */,
				E82FF7592ADAC98700BE59C8 /* SpeakerView.swift */,
			);
			path = views;
			sourceTree = "<group>";
		};
		E8F38FFA2ADC10E1008CC27C /* sources */ = {
			isa = PBXGroup;
			children = (
				E85B8E262AD5D57B00F8BF5A /* UtterApp.swift */,
				E82A7E5D2ADEA11600F1DF2B /* Audio.swift */,
				E82A7E622ADEB1DC00F1DF2B /* AudioBox.swift */,
				E82A7E642ADEBE4500F1DF2B /* AudioStatus.swift */,
				E82A7E5F2ADEA39D00F1DF2B /* SpeechRecognition.swift */,
				E8D0A19D2AE13AE70045C1E6 /* SpeechRecognizer.swift */,
				E8D0A1A62AE199230045C1E6 /* ChatGPTCaller.swift */,
				E85B8E542AD5E80100F8BF5A /* views */,
				E8F38FFE2ADC12D6008CC27C /* models */,
			);
			path = sources;
			sourceTree = "<group>";
		};
		E8F38FFB2ADC1111008CC27C /* resources */ = {
			isa = PBXGroup;
			children = (
				E85B8E2A2AD5D57D00F8BF5A /* Assets.xcassets */,
			);
			path = resources;
			sourceTree = "<group>";
		};
		E8F38FFE2ADC12D6008CC27C /* models */ = {
			isa = PBXGroup;
			children = (
			);
			path = models;
			sourceTree = "<group>";
		};
/* End PBXGroup section */

/* Begin PBXNativeTarget section */
		E85B8E222AD5D57B00F8BF5A /* Utter */ = {
			isa = PBXNativeTarget;
			buildConfigurationList = E85B8E472AD5D57D00F8BF5A /* Build configuration list for PBXNativeTarget "Utter" */;
			buildPhases = (
				E85B8E1F2AD5D57B00F8BF5A /* Sources */,
				E85B8E202AD5D57B00F8BF5A /* Frameworks */,
				E85B8E212AD5D57B00F8BF5A /* Resources */,
			);
			buildRules = (
			);
			dependencies = (
			);
			name = Utter;
			packageProductDependencies = (
				E8D0A1A42AE192930045C1E6 /* OpenAISwift */,
			);
			productName = Utter;
			productReference = E85B8E232AD5D57B00F8BF5A /* Utter.app */;
			productType = "com.apple.product-type.application";
		};
		E85B8E322AD5D57D00F8BF5A /* UtterTests */ = {
			isa = PBXNativeTarget;
			buildConfigurationList = E85B8E4A2AD5D57D00F8BF5A /* Build configuration list for PBXNativeTarget "UtterTests" */;
			buildPhases = (
				E85B8E2F2AD5D57D00F8BF5A /* Sources */,
				E85B8E302AD5D57D00F8BF5A /* Frameworks */,
				E85B8E312AD5D57D00F8BF5A /* Resources */,
			);
			buildRules = (
			);
			dependencies = (
				E85B8E352AD5D57D00F8BF5A /* PBXTargetDependency */,
			);
			name = UtterTests;
			productName = UtterTests;
			productReference = E85B8E332AD5D57D00F8BF5A /* UtterTests.xctest */;
			productType = "com.apple.product-type.bundle.unit-test";
		};
		E85B8E3C2AD5D57D00F8BF5A /* UtterUITests */ = {
			isa = PBXNativeTarget;
			buildConfigurationList = E85B8E4D2AD5D57D00F8BF5A /* Build configuration list for PBXNativeTarget "UtterUITests" */;
			buildPhases = (
				E85B8E392AD5D57D00F8BF5A /* Sources */,
				E85B8E3A2AD5D57D00F8BF5A /* Frameworks */,
				E85B8E3B2AD5D57D00F8BF5A /* Resources */,
			);
			buildRules = (
			);
			dependencies = (
				E85B8E3F2AD5D57D00F8BF5A /* PBXTargetDependency */,
			);
			name = UtterUITests;
			productName = UtterUITests;
			productReference = E85B8E3D2AD5D57D00F8BF5A /* UtterUITests.xctest */;
			productType = "com.apple.product-type.bundle.ui-testing";
		};
/* End PBXNativeTarget section */

/* Begin PBXProject section */
		E85B8E1B2AD5D57B00F8BF5A /* Project object */ = {
			isa = PBXProject;
			attributes = {
				BuildIndependentTargetsInParallel = 1;
				LastSwiftUpdateCheck = 1430;
				LastUpgradeCheck = 1430;
				TargetAttributes = {
					E85B8E222AD5D57B00F8BF5A = {
						CreatedOnToolsVersion = 14.3.1;
					};
					E85B8E322AD5D57D00F8BF5A = {
						CreatedOnToolsVersion = 14.3.1;
						TestTargetID = E85B8E222AD5D57B00F8BF5A;
					};
					E85B8E3C2AD5D57D00F8BF5A = {
						CreatedOnToolsVersion = 14.3.1;
						TestTargetID = E85B8E222AD5D57B00F8BF5A;
					};
				};
			};
			buildConfigurationList = E85B8E1E2AD5D57B00F8BF5A /* Build configuration list for PBXProject "Utter" */;
			compatibilityVersion = "Xcode 14.0";
			developmentRegion = en;
			hasScannedForEncodings = 0;
			knownRegions = (
				en,
				Base,
			);
			mainGroup = E85B8E1A2AD5D57B00F8BF5A;
			packageReferences = (
				E8D0A1A32AE192930045C1E6 /* XCRemoteSwiftPackageReference "OpenAISwift" */,
			);
			productRefGroup = E85B8E242AD5D57B00F8BF5A /* Products */;
			projectDirPath = "";
			projectRoot = "";
			targets = (
				E85B8E222AD5D57B00F8BF5A /* Utter */,
				E85B8E322AD5D57D00F8BF5A /* UtterTests */,
				E85B8E3C2AD5D57D00F8BF5A /* UtterUITests */,
			);
		};
/* End PBXProject section */

/* Begin PBXResourcesBuildPhase section */
		E85B8E212AD5D57B00F8BF5A /* Resources */ = {
			isa = PBXResourcesBuildPhase;
			buildActionMask = 2147483647;
			files = (
				E85B8E2E2AD5D57D00F8BF5A /* Preview Assets.xcassets in Resources */,
				E85B8E2B2AD5D57D00F8BF5A /* Assets.xcassets in Resources */,
			);
			runOnlyForDeploymentPostprocessing = 0;
		};
		E85B8E312AD5D57D00F8BF5A /* Resources */ = {
			isa = PBXResourcesBuildPhase;
			buildActionMask = 2147483647;
			files = (
			);
			runOnlyForDeploymentPostprocessing = 0;
		};
		E85B8E3B2AD5D57D00F8BF5A /* Resources */ = {
			isa = PBXResourcesBuildPhase;
			buildActionMask = 2147483647;
			files = (
			);
			runOnlyForDeploymentPostprocessing = 0;
		};
/* End PBXResourcesBuildPhase section */

/* Begin PBXSourcesBuildPhase section */
		E85B8E1F2AD5D57B00F8BF5A /* Sources */ = {
			isa = PBXSourcesBuildPhase;
			buildActionMask = 2147483647;
			files = (
				E8D0A19E2AE13AE70045C1E6 /* SpeechRecognizer.swift in Sources */,
				E85B8E532AD5E5FB00F8BF5A /* LoginView.swift in Sources */,
				E85B8E292AD5D57B00F8BF5A /* ContentView.swift in Sources */,
				E82A7E632ADEB1DC00F1DF2B /* AudioBox.swift in Sources */,
				E8D0A1A72AE199230045C1E6 /* ChatGPTCaller.swift in Sources */,
				E82FF75A2ADAC98700BE59C8 /* SpeakerView.swift in Sources */,
				E82A7E602ADEA39D00F1DF2B /* SpeechRecognition.swift in Sources */,
				E85B8E272AD5D57B00F8BF5A /* UtterApp.swift in Sources */,
				E82A7E652ADEBE4500F1DF2B /* AudioStatus.swift in Sources */,
				E82FF7582ADAC16500BE59C8 /* OnboardingView.swift in Sources */,
				E85B8E562AD5EA7700F8BF5A /* TandemListView.swift in Sources */,
				E82A7E5E2ADEA11600F1DF2B /* Audio.swift in Sources */,
			);
			runOnlyForDeploymentPostprocessing = 0;
		};
		E85B8E2F2AD5D57D00F8BF5A /* Sources */ = {
			isa = PBXSourcesBuildPhase;
			buildActionMask = 2147483647;
			files = (
				E85B8E382AD5D57D00F8BF5A /* UtterTests.swift in Sources */,
			);
			runOnlyForDeploymentPostprocessing = 0;
		};
		E85B8E392AD5D57D00F8BF5A /* Sources */ = {
			isa = PBXSourcesBuildPhase;
			buildActionMask = 2147483647;
			files = (
				E85B8E422AD5D57D00F8BF5A /* UtterUITests.swift in Sources */,
				E85B8E442AD5D57D00F8BF5A /* UtterUITestsLaunchTests.swift in Sources */,
			);
			runOnlyForDeploymentPostprocessing = 0;
		};
/* End PBXSourcesBuildPhase section */

/* Begin PBXTargetDependency section */
		E85B8E352AD5D57D00F8BF5A /* PBXTargetDependency */ = {
			isa = PBXTargetDependency;
			target = E85B8E222AD5D57B00F8BF5A /* Utter */;
			targetProxy = E85B8E342AD5D57D00F8BF5A /* PBXContainerItemProxy */;
		};
		E85B8E3F2AD5D57D00F8BF5A /* PBXTargetDependency */ = {
			isa = PBXTargetDependency;
			target = E85B8E222AD5D57B00F8BF5A /* Utter */;
			targetProxy = E85B8E3E2AD5D57D00F8BF5A /* PBXContainerItemProxy */;
		};
/* End PBXTargetDependency section */

/* Begin XCBuildConfiguration section */
		E85B8E452AD5D57D00F8BF5A /* Debug */ = {
			isa = XCBuildConfiguration;
			buildSettings = {
				ALWAYS_SEARCH_USER_PATHS = NO;
				CLANG_ANALYZER_NONNULL = YES;
				CLANG_ANALYZER_NUMBER_OBJECT_CONVERSION = YES_AGGRESSIVE;
				CLANG_CXX_LANGUAGE_STANDARD = "gnu++20";
				CLANG_ENABLE_MODULES = YES;
				CLANG_ENABLE_OBJC_ARC = YES;
				CLANG_ENABLE_OBJC_WEAK = YES;
				CLANG_WARN_BLOCK_CAPTURE_AUTORELEASING = YES;
				CLANG_WARN_BOOL_CONVERSION = YES;
				CLANG_WARN_COMMA = YES;
				CLANG_WARN_CONSTANT_CONVERSION = YES;
				CLANG_WARN_DEPRECATED_OBJC_IMPLEMENTATIONS = YES;
				CLANG_WARN_DIRECT_OBJC_ISA_USAGE = YES_ERROR;
				CLANG_WARN_DOCUMENTATION_COMMENTS = YES;
				CLANG_WARN_EMPTY_BODY = YES;
				CLANG_WARN_ENUM_CONVERSION = YES;
				CLANG_WARN_INFINITE_RECURSION = YES;
				CLANG_WARN_INT_CONVERSION = YES;
				CLANG_WARN_NON_LITERAL_NULL_CONVERSION = YES;
				CLANG_WARN_OBJC_IMPLICIT_RETAIN_SELF = YES;
				CLANG_WARN_OBJC_LITERAL_CONVERSION = YES;
				CLANG_WARN_OBJC_ROOT_CLASS = YES_ERROR;
				CLANG_WARN_QUOTED_INCLUDE_IN_FRAMEWORK_HEADER = YES;
				CLANG_WARN_RANGE_LOOP_ANALYSIS = YES;
				CLANG_WARN_STRICT_PROTOTYPES = YES;
				CLANG_WARN_SUSPICIOUS_MOVE = YES;
				CLANG_WARN_UNGUARDED_AVAILABILITY = YES_AGGRESSIVE;
				CLANG_WARN_UNREACHABLE_CODE = YES;
				CLANG_WARN__DUPLICATE_METHOD_MATCH = YES;
				COPY_PHASE_STRIP = NO;
				DEBUG_INFORMATION_FORMAT = dwarf;
				ENABLE_STRICT_OBJC_MSGSEND = YES;
				ENABLE_TESTABILITY = YES;
				GCC_C_LANGUAGE_STANDARD = gnu11;
				GCC_DYNAMIC_NO_PIC = NO;
				GCC_NO_COMMON_BLOCKS = YES;
				GCC_OPTIMIZATION_LEVEL = 0;
				GCC_PREPROCESSOR_DEFINITIONS = (
					"DEBUG=1",
					"$(inherited)",
				);
				GCC_WARN_64_TO_32_BIT_CONVERSION = YES;
				GCC_WARN_ABOUT_RETURN_TYPE = YES_ERROR;
				GCC_WARN_UNDECLARED_SELECTOR = YES;
				GCC_WARN_UNINITIALIZED_AUTOS = YES_AGGRESSIVE;
				GCC_WARN_UNUSED_FUNCTION = YES;
				GCC_WARN_UNUSED_VARIABLE = YES;
				IPHONEOS_DEPLOYMENT_TARGET = 16.2;
				MTL_ENABLE_DEBUG_INFO = INCLUDE_SOURCE;
				MTL_FAST_MATH = YES;
				ONLY_ACTIVE_ARCH = YES;
				SDKROOT = iphoneos;
				SWIFT_ACTIVE_COMPILATION_CONDITIONS = DEBUG;
				SWIFT_OPTIMIZATION_LEVEL = "-Onone";
			};
			name = Debug;
		};
		E85B8E462AD5D57D00F8BF5A /* Release */ = {
			isa = XCBuildConfiguration;
			buildSettings = {
				ALWAYS_SEARCH_USER_PATHS = NO;
				CLANG_ANALYZER_NONNULL = YES;
				CLANG_ANALYZER_NUMBER_OBJECT_CONVERSION = YES_AGGRESSIVE;
				CLANG_CXX_LANGUAGE_STANDARD = "gnu++20";
				CLANG_ENABLE_MODULES = YES;
				CLANG_ENABLE_OBJC_ARC = YES;
				CLANG_ENABLE_OBJC_WEAK = YES;
				CLANG_WARN_BLOCK_CAPTURE_AUTORELEASING = YES;
				CLANG_WARN_BOOL_CONVERSION = YES;
				CLANG_WARN_COMMA = YES;
				CLANG_WARN_CONSTANT_CONVERSION = YES;
				CLANG_WARN_DEPRECATED_OBJC_IMPLEMENTATIONS = YES;
				CLANG_WARN_DIRECT_OBJC_ISA_USAGE = YES_ERROR;
				CLANG_WARN_DOCUMENTATION_COMMENTS = YES;
				CLANG_WARN_EMPTY_BODY = YES;
				CLANG_WARN_ENUM_CONVERSION = YES;
				CLANG_WARN_INFINITE_RECURSION = YES;
				CLANG_WARN_INT_CONVERSION = YES;
				CLANG_WARN_NON_LITERAL_NULL_CONVERSION = YES;
				CLANG_WARN_OBJC_IMPLICIT_RETAIN_SELF = YES;
				CLANG_WARN_OBJC_LITERAL_CONVERSION = YES;
				CLANG_WARN_OBJC_ROOT_CLASS = YES_ERROR;
				CLANG_WARN_QUOTED_INCLUDE_IN_FRAMEWORK_HEADER = YES;
				CLANG_WARN_RANGE_LOOP_ANALYSIS = YES;
				CLANG_WARN_STRICT_PROTOTYPES = YES;
				CLANG_WARN_SUSPICIOUS_MOVE = YES;
				CLANG_WARN_UNGUARDED_AVAILABILITY = YES_AGGRESSIVE;
				CLANG_WARN_UNREACHABLE_CODE = YES;
				CLANG_WARN__DUPLICATE_METHOD_MATCH = YES;
				COPY_PHASE_STRIP = NO;
				DEBUG_INFORMATION_FORMAT = "dwarf-with-dsym";
				ENABLE_NS_ASSERTIONS = NO;
				ENABLE_STRICT_OBJC_MSGSEND = YES;
				GCC_C_LANGUAGE_STANDARD = gnu11;
				GCC_NO_COMMON_BLOCKS = YES;
				GCC_WARN_64_TO_32_BIT_CONVERSION = YES;
				GCC_WARN_ABOUT_RETURN_TYPE = YES_ERROR;
				GCC_WARN_UNDECLARED_SELECTOR = YES;
				GCC_WARN_UNINITIALIZED_AUTOS = YES_AGGRESSIVE;
				GCC_WARN_UNUSED_FUNCTION = YES;
				GCC_WARN_UNUSED_VARIABLE = YES;
				IPHONEOS_DEPLOYMENT_TARGET = 16.2;
				MTL_ENABLE_DEBUG_INFO = NO;
				MTL_FAST_MATH = YES;
				SDKROOT = iphoneos;
				SWIFT_COMPILATION_MODE = wholemodule;
				SWIFT_OPTIMIZATION_LEVEL = "-O";
				VALIDATE_PRODUCT = YES;
			};
			name = Release;
		};
		E85B8E482AD5D57D00F8BF5A /* Debug */ = {
			isa = XCBuildConfiguration;
			buildSettings = {
				ASSETCATALOG_COMPILER_APPICON_NAME = AppIcon;
				ASSETCATALOG_COMPILER_GLOBAL_ACCENT_COLOR_NAME = AccentColor;
				CODE_SIGN_STYLE = Automatic;
				CURRENT_PROJECT_VERSION = 1;
				DEVELOPMENT_ASSET_PATHS = "\"Utter/Preview Content\"";
				DEVELOPMENT_TEAM = B2R39BY89D;
				ENABLE_PREVIEWS = YES;
				GENERATE_INFOPLIST_FILE = YES;
				INFOPLIST_KEY_NSMicrophoneUsageDescription = "Speech recognition services are used by this app to convert speech to text.\n";
				INFOPLIST_KEY_NSSpeechRecognitionUsageDescription = "Speech recognition services are used by this app to convert speech to text.\n";
				INFOPLIST_KEY_UIApplicationSceneManifest_Generation = YES;
				INFOPLIST_KEY_UIApplicationSupportsIndirectInputEvents = YES;
				INFOPLIST_KEY_UILaunchScreen_Generation = YES;
				INFOPLIST_KEY_UISupportedInterfaceOrientations_iPad = "UIInterfaceOrientationPortrait UIInterfaceOrientationPortraitUpsideDown UIInterfaceOrientationLandscapeLeft UIInterfaceOrientationLandscapeRight";
				INFOPLIST_KEY_UISupportedInterfaceOrientations_iPhone = "UIInterfaceOrientationPortrait UIInterfaceOrientationLandscapeLeft UIInterfaceOrientationLandscapeRight";
				LD_RUNPATH_SEARCH_PATHS = (
					"$(inherited)",
					"@executable_path/Frameworks",
				);
				MARKETING_VERSION = 1.0;
				PRODUCT_BUNDLE_IDENTIFIER = ai.utter.Utter;
				PRODUCT_NAME = "$(TARGET_NAME)";
				SUPPORTED_PLATFORMS = "iphoneos iphonesimulator";
				SUPPORTS_MACCATALYST = NO;
				SUPPORTS_MAC_DESIGNED_FOR_IPHONE_IPAD = YES;
				SWIFT_EMIT_LOC_STRINGS = YES;
				SWIFT_VERSION = 5.0;
				TARGETED_DEVICE_FAMILY = 1;
			};
			name = Debug;
		};
		E85B8E492AD5D57D00F8BF5A /* Release */ = {
			isa = XCBuildConfiguration;
			buildSettings = {
				ASSETCATALOG_COMPILER_APPICON_NAME = AppIcon;
				ASSETCATALOG_COMPILER_GLOBAL_ACCENT_COLOR_NAME = AccentColor;
				CODE_SIGN_STYLE = Automatic;
				CURRENT_PROJECT_VERSION = 1;
				DEVELOPMENT_ASSET_PATHS = "\"Utter/Preview Content\"";
				DEVELOPMENT_TEAM = B2R39BY89D;
				ENABLE_PREVIEWS = YES;
				GENERATE_INFOPLIST_FILE = YES;
				INFOPLIST_KEY_NSMicrophoneUsageDescription = "Speech recognition services are used by this app to convert speech to text.\n";
				INFOPLIST_KEY_NSSpeechRecognitionUsageDescription = "Speech recognition services are used by this app to convert speech to text.\n";
				INFOPLIST_KEY_UIApplicationSceneManifest_Generation = YES;
				INFOPLIST_KEY_UIApplicationSupportsIndirectInputEvents = YES;
				INFOPLIST_KEY_UILaunchScreen_Generation = YES;
				INFOPLIST_KEY_UISupportedInterfaceOrientations_iPad = "UIInterfaceOrientationPortrait UIInterfaceOrientationPortraitUpsideDown UIInterfaceOrientationLandscapeLeft UIInterfaceOrientationLandscapeRight";
				INFOPLIST_KEY_UISupportedInterfaceOrientations_iPhone = "UIInterfaceOrientationPortrait UIInterfaceOrientationLandscapeLeft UIInterfaceOrientationLandscapeRight";
				LD_RUNPATH_SEARCH_PATHS = (
					"$(inherited)",
					"@executable_path/Frameworks",
				);
				MARKETING_VERSION = 1.0;
				PRODUCT_BUNDLE_IDENTIFIER = ai.utter.Utter;
				PRODUCT_NAME = "$(TARGET_NAME)";
				SUPPORTED_PLATFORMS = "iphoneos iphonesimulator";
				SUPPORTS_MACCATALYST = NO;
				SUPPORTS_MAC_DESIGNED_FOR_IPHONE_IPAD = YES;
				SWIFT_EMIT_LOC_STRINGS = YES;
				SWIFT_VERSION = 5.0;
				TARGETED_DEVICE_FAMILY = 1;
			};
			name = Release;
		};
		E85B8E4B2AD5D57D00F8BF5A /* Debug */ = {
			isa = XCBuildConfiguration;
			buildSettings = {
				ALWAYS_EMBED_SWIFT_STANDARD_LIBRARIES = YES;
				BUNDLE_LOADER = "$(TEST_HOST)";
				CODE_SIGN_STYLE = Automatic;
				CURRENT_PROJECT_VERSION = 1;
				GENERATE_INFOPLIST_FILE = YES;
				IPHONEOS_DEPLOYMENT_TARGET = 16.4;
				MARKETING_VERSION = 1.0;
				PRODUCT_BUNDLE_IDENTIFIER = ai.utter.UtterTests;
				PRODUCT_NAME = "$(TARGET_NAME)";
				SWIFT_EMIT_LOC_STRINGS = NO;
				SWIFT_VERSION = 5.0;
				TARGETED_DEVICE_FAMILY = "1,2";
				TEST_HOST = "$(BUILT_PRODUCTS_DIR)/Utter.app/$(BUNDLE_EXECUTABLE_FOLDER_PATH)/Utter";
			};
			name = Debug;
		};
		E85B8E4C2AD5D57D00F8BF5A /* Release */ = {
			isa = XCBuildConfiguration;
			buildSettings = {
				ALWAYS_EMBED_SWIFT_STANDARD_LIBRARIES = YES;
				BUNDLE_LOADER = "$(TEST_HOST)";
				CODE_SIGN_STYLE = Automatic;
				CURRENT_PROJECT_VERSION = 1;
				GENERATE_INFOPLIST_FILE = YES;
				IPHONEOS_DEPLOYMENT_TARGET = 16.4;
				MARKETING_VERSION = 1.0;
				PRODUCT_BUNDLE_IDENTIFIER = ai.utter.UtterTests;
				PRODUCT_NAME = "$(TARGET_NAME)";
				SWIFT_EMIT_LOC_STRINGS = NO;
				SWIFT_VERSION = 5.0;
				TARGETED_DEVICE_FAMILY = "1,2";
				TEST_HOST = "$(BUILT_PRODUCTS_DIR)/Utter.app/$(BUNDLE_EXECUTABLE_FOLDER_PATH)/Utter";
			};
			name = Release;
		};
		E85B8E4E2AD5D57D00F8BF5A /* Debug */ = {
			isa = XCBuildConfiguration;
			buildSettings = {
				ALWAYS_EMBED_SWIFT_STANDARD_LIBRARIES = YES;
				CODE_SIGN_STYLE = Automatic;
				CURRENT_PROJECT_VERSION = 1;
				GENERATE_INFOPLIST_FILE = YES;
				MARKETING_VERSION = 1.0;
				PRODUCT_BUNDLE_IDENTIFIER = ai.utter.UtterUITests;
				PRODUCT_NAME = "$(TARGET_NAME)";
				SWIFT_EMIT_LOC_STRINGS = NO;
				SWIFT_VERSION = 5.0;
				TARGETED_DEVICE_FAMILY = "1,2";
				TEST_TARGET_NAME = Utter;
			};
			name = Debug;
		};
		E85B8E4F2AD5D57D00F8BF5A /* Release */ = {
			isa = XCBuildConfiguration;
			buildSettings = {
				ALWAYS_EMBED_SWIFT_STANDARD_LIBRARIES = YES;
				CODE_SIGN_STYLE = Automatic;
				CURRENT_PROJECT_VERSION = 1;
				GENERATE_INFOPLIST_FILE = YES;
				MARKETING_VERSION = 1.0;
				PRODUCT_BUNDLE_IDENTIFIER = ai.utter.UtterUITests;
				PRODUCT_NAME = "$(TARGET_NAME)";
				SWIFT_EMIT_LOC_STRINGS = NO;
				SWIFT_VERSION = 5.0;
				TARGETED_DEVICE_FAMILY = "1,2";
				TEST_TARGET_NAME = Utter;
			};
			name = Release;
		};
/* End XCBuildConfiguration section */

/* Begin XCConfigurationList section */
		E85B8E1E2AD5D57B00F8BF5A /* Build configuration list for PBXProject "Utter" */ = {
			isa = XCConfigurationList;
			buildConfigurations = (
				E85B8E452AD5D57D00F8BF5A /* Debug */,
				E85B8E462AD5D57D00F8BF5A /* Release */,
			);
			defaultConfigurationIsVisible = 0;
			defaultConfigurationName = Release;
		};
		E85B8E472AD5D57D00F8BF5A /* Build configuration list for PBXNativeTarget "Utter" */ = {
			isa = XCConfigurationList;
			buildConfigurations = (
				E85B8E482AD5D57D00F8BF5A /* Debug */,
				E85B8E492AD5D57D00F8BF5A /* Release */,
			);
			defaultConfigurationIsVisible = 0;
			defaultConfigurationName = Release;
		};
		E85B8E4A2AD5D57D00F8BF5A /* Build configuration list for PBXNativeTarget "UtterTests" */ = {
			isa = XCConfigurationList;
			buildConfigurations = (
				E85B8E4B2AD5D57D00F8BF5A /* Debug */,
				E85B8E4C2AD5D57D00F8BF5A /* Release */,
			);
			defaultConfigurationIsVisible = 0;
			defaultConfigurationName = Release;
		};
		E85B8E4D2AD5D57D00F8BF5A /* Build configuration list for PBXNativeTarget "UtterUITests" */ = {
			isa = XCConfigurationList;
			buildConfigurations = (
				E85B8E4E2AD5D57D00F8BF5A /* Debug */,
				E85B8E4F2AD5D57D00F8BF5A /* Release */,
			);
			defaultConfigurationIsVisible = 0;
			defaultConfigurationName = Release;
		};
/* End XCConfigurationList section */

/* Begin XCRemoteSwiftPackageReference section */
		E8D0A1A32AE192930045C1E6 /* XCRemoteSwiftPackageReference "OpenAISwift" */ = {
			isa = XCRemoteSwiftPackageReference;
			repositoryURL = "https://github.com/adamrushy/OpenAISwift.git";
			requirement = {
				kind = upToNextMajorVersion;
				minimumVersion = 1.4.1;
			};
		};
/* End XCRemoteSwiftPackageReference section */

/* Begin XCSwiftPackageProductDependency section */
		E8D0A1A42AE192930045C1E6 /* OpenAISwift */ = {
			isa = XCSwiftPackageProductDependency;
			package = E8D0A1A32AE192930045C1E6 /* XCRemoteSwiftPackageReference "OpenAISwift" */;
			productName = OpenAISwift;
		};
/* End XCSwiftPackageProductDependency section */
	};
	rootObject = E85B8E1B2AD5D57B00F8BF5A /* Project object */;
}
